<Solution>
  <Folder Name="/src/">
    <Project Path="ApiGateway/ApiGateway.csproj" />
    <Project Path="AuthService/AuthService.csproj" />
    <Project Path="CustomerService/CustomerService.csproj" />
    <Project Path="DeliveryService/DeliveryService.csproj" />
    <Project Path="InventoryService/InventoryService.csproj" />
    <Project Path="NotificationService/NotificationService.csproj" />
    <Project Path="OrderService/OrderService.csproj" />
    <Project Path="WarehouseService/WarehouseService.csproj" />
  </Folder>
  <Folder Name="/tests/">
    <Project Path="CustomerService.Tests/CustomerService.Tests.csproj" />
    <Project Path="InventoryService.Tests/InventoryService.Tests.csproj" />
    <Project Path="OrderService.Tests/OrderService.Tests.csproj" />
  </Folder>
</Solution>
